
Microsoft Visual Studio Solution File, Format Version 12.00
# Visual Studio 15
VisualStudioVersion = 15.0.27004.2002
MinimumVisualStudioVersion = 10.0.40219.1
Project("{FAE04EC0-301F-11D3-BF4B-00C04F79EFBC}") = "IS403Project1", "IS403Project1\IS403Project1.csproj", "{82C06F69-2E34-4B56-8F1E-D4A154E6666B}"
EndProject
Global
	GlobalSection(SolutionConfigurationPlatforms) = preSolution
		Debug|Any CPU = Debug|Any CPU
		Release|Any CPU = Release|Any CPU
	EndGlobalSection
	GlobalSection(ProjectConfigurationPlatforms) = postSolution
		{82C06F69-2E34-4B56-8F1E-D4A154E6666B}.Debug|Any CPU.ActiveCfg = Debug|Any CPU
		{82C06F69-2E34-4B56-8F1E-D4A154E6666B}.Debug|Any CPU.Build.0 = Debug|Any CPU
		{82C06F69-2E34-4B56-8F1E-D4A154E6666B}.Release|Any CPU.ActiveCfg = Release|Any CPU
		{82C06F69-2E34-4B56-8F1E-D4A154E6666B}.Release|Any CPU.Build.0 = Release|Any CPU
	EndGlobalSection
	GlobalSection(SolutionProperties) = preSolution
		HideSolutionNode = FALSE
	EndGlobalSection
	GlobalSection(ExtensibilityGlobals) = postSolution
		SolutionGuid = {BB7E2717-05A5-4321-ADCE-5F8867B304A4}
	EndGlobalSection
EndGlobal
